{
  "name": "cs291",
  "version": "1.0.0",
  "lockfileVersion": 3,
  "requires": true,
  "packages": {
    "": {
      "name": "cs291",
      "version": "1.0.0",
      "dependencies": {
        "three": "0.56.0"
      }
    },
    "node_modules/three": {
      "version": "0.56.0",
      "resolved": "https://registry.npmjs.org/three/-/three-0.56.0.tgz",
      "integrity": "sha512-Vx0qq51yx3fhKpLVmV0EsnQ711UXmr187dzRkUYRbq+hKhA2ksOfj+15r+x6OWLbXyOJm8SCo8fsI1ZplDZJPQ==",
      "license": "The MIT License",
      "engines": {
        "node": "*"
      }
    }
  }
}
